
Microsoft Visual Studio Solution File, Format Version 12.00
# Visual Studio Version 17
VisualStudioVersion = 17.14.37111.16
MinimumVisualStudioVersion = 10.0.40219.1
Project("{FAE04EC0-301F-11D3-BF4B-00C04F79EFBC}") = "Elk.Mcp", "src\Elk.Mcp.csproj", "{28C62DED-7E97-4DA1-AA14-5832BEBF3884}"
EndProject
Project("{FAE04EC0-301F-11D3-BF4B-00C04F79EFBC}") = "Elk.Mcp.Tests", "src\Elk.Mcp.Tests\Elk.Mcp.Tests.csproj", "{76EBB7B8-DC0A-4871-A719-9BC33C9CFD0B}"
EndProject
Project("{FAE04EC0-301F-11D3-BF4B-00C04F79EFBC}") = "Elk.Mcp.Server", "src\Elk.Mcp.Server\Elk.Mcp.Server.csproj", "{56E54F36-E5FF-4456-A2CA-53B1108FB2AF}"
EndProject
Global
	GlobalSection(SolutionConfigurationPlatforms) = preSolution
		Debug|Any CPU = Debug|Any CPU
		Debug|x64 = Debug|x64
		Debug|x86 = Debug|x86
		Release|Any CPU = Release|Any CPU
		Release|x64 = Release|x64
		Release|x86 = Release|x86
	EndGlobalSection
	GlobalSection(ProjectConfigurationPlatforms) = postSolution
		{28C62DED-7E97-4DA1-AA14-5832BEBF3884}.Debug|Any CPU.ActiveCfg = Debug|Any CPU
		{28C62DED-7E97-4DA1-AA14-5832BEBF3884}.Debug|Any CPU.Build.0 = Debug|Any CPU
		{28C62DED-7E97-4DA1-AA14-5832BEBF3884}.Debug|x64.ActiveCfg = Debug|Any CPU
		{28C62DED-7E97-4DA1-AA14-5832BEBF3884}.Debug|x64.Build.0 = Debug|Any CPU
		{28C62DED-7E97-4DA1-AA14-5832BEBF3884}.Debug|x86.ActiveCfg = Debug|Any CPU
		{28C62DED-7E97-4DA1-AA14-5832BEBF3884}.Debug|x86.Build.0 = Debug|Any CPU
		{28C62DED-7E97-4DA1-AA14-5832BEBF3884}.Release|Any CPU.ActiveCfg = Release|Any CPU
		{28C62DED-7E97-4DA1-AA14-5832BEBF3884}.Release|Any CPU.Build.0 = Release|Any CPU
		{28C62DED-7E97-4DA1-AA14-5832BEBF3884}.Release|x64.ActiveCfg = Release|Any CPU
		{28C62DED-7E97-4DA1-AA14-5832BEBF3884}.Release|x64.Build.0 = Release|Any CPU
		{28C62DED-7E97-4DA1-AA14-5832BEBF3884}.Release|x86.ActiveCfg = Release|Any CPU
		{28C62DED-7E97-4DA1-AA14-5832BEBF3884}.Release|x86.Build.0 = Release|Any CPU
		{76EBB7B8-DC0A-4871-A719-9BC33C9CFD0B}.Debug|Any CPU.ActiveCfg = Debug|Any CPU
		{76EBB7B8-DC0A-4871-A719-9BC33C9CFD0B}.Debug|Any CPU.Build.0 = Debug|Any CPU
		{76EBB7B8-DC0A-4871-A719-9BC33C9CFD0B}.Debug|x64.ActiveCfg = Debug|Any CPU
		{76EBB7B8-DC0A-4871-A719-9BC33C9CFD0B}.Debug|x64.Build.0 = Debug|Any CPU
		{76EBB7B8-DC0A-4871-A719-9BC33C9CFD0B}.Debug|x86.ActiveCfg = Debug|Any CPU
		{76EBB7B8-DC0A-4871-A719-9BC33C9CFD0B}.Debug|x86.Build.0 = Debug|Any CPU
		{76EBB7B8-DC0A-4871-A719-9BC33C9CFD0B}.Release|Any CPU.ActiveCfg = Release|Any CPU
		{76EBB7B8-DC0A-4871-A719-9BC33C9CFD0B}.Release|Any CPU.Build.0 = Release|Any CPU
		{76EBB7B8-DC0A-4871-A719-9BC33C9CFD0B}.Release|x64.ActiveCfg = Release|Any CPU
		{76EBB7B8-DC0A-4871-A719-9BC33C9CFD0B}.Release|x64.Build.0 = Release|Any CPU
		{76EBB7B8-DC0A-4871-A719-9BC33C9CFD0B}.Release|x86.ActiveCfg = Release|Any CPU
		{76EBB7B8-DC0A-4871-A719-9BC33C9CFD0B}.Release|x86.Build.0 = Release|Any CPU
		{56E54F36-E5FF-4456-A2CA-53B1108FB2AF}.Debug|Any CPU.ActiveCfg = Debug|Any CPU
		{56E54F36-E5FF-4456-A2CA-53B1108FB2AF}.Debug|Any CPU.Build.0 = Debug|Any CPU
		{56E54F36-E5FF-4456-A2CA-53B1108FB2AF}.Debug|x64.ActiveCfg = Debug|Any CPU
		{56E54F36-E5FF-4456-A2CA-53B1108FB2AF}.Debug|x64.Build.0 = Debug|Any CPU
		{56E54F36-E5FF-4456-A2CA-53B1108FB2AF}.Debug|x86.ActiveCfg = Debug|Any CPU
		{56E54F36-E5FF-4456-A2CA-53B1108FB2AF}.Debug|x86.Build.0 = Debug|Any CPU
		{56E54F36-E5FF-4456-A2CA-53B1108FB2AF}.Release|Any CPU.ActiveCfg = Release|Any CPU
		{56E54F36-E5FF-4456-A2CA-53B1108FB2AF}.Release|Any CPU.Build.0 = Release|Any CPU
		{56E54F36-E5FF-4456-A2CA-53B1108FB2AF}.Release|x64.ActiveCfg = Release|Any CPU
		{56E54F36-E5FF-4456-A2CA-53B1108FB2AF}.Release|x64.Build.0 = Release|Any CPU
		{56E54F36-E5FF-4456-A2CA-53B1108FB2AF}.Release|x86.ActiveCfg = Release|Any CPU
		{56E54F36-E5FF-4456-A2CA-53B1108FB2AF}.Release|x86.Build.0 = Release|Any CPU
	EndGlobalSection
	GlobalSection(SolutionProperties) = preSolution
		HideSolutionNode = FALSE
	EndGlobalSection
	GlobalSection(ExtensibilityGlobals) = postSolution
		SolutionGuid = {CB96FE0B-7CB8-44AD-A2AB-D98C0DE3A6AE}
	EndGlobalSection
EndGlobal
